- name: Create ksqlDB Stream Block
  block:
  
    - name: Create Create ksqlDB Stream JSON Body Document For API
      set_fact:
        json_body: "{{ lookup('template', 'templates/{{item}}.j2') }}"

    - name: Debug Variable - json_body
      ansible.builtin.debug:
        var: json_body

    - name: Create Create ksqlDB Stream via API
      ansible.builtin.uri:
        url: "{{ API_URL }}"
        method: POST
        body_format: json
        body: "{{ json_body }}"
        timeout: 90
        headers:
          Authorization: "{{ API_TOKEN }}"
        follow_redirects: yes
        force: true
        status_code: [200, 201]
        return_content: yes
      register: created_ksql_stream

    - name: Debug Variable - Create Create ksqlDB Stream via API
      ansible.builtin.debug:
        var: created_ksql_stream