- name: Create API Health Check Fleet-Managed Monitor
  block:
  
    - name: Create API Health Check Monitor JSON Body Document For API
      set_fact:
        json_body: "{{ lookup('template', 'templates/CREATE_API_HEALTHCHECK.j2') }}"

    - name: Debug Variable - json_body
      ansible.builtin.debug:
        var: json_body

    - name: Create API Health Check Monitor via API
      ansible.builtin.uri:
        url: "{{ FLEET_API_URL }}/package_policies"
        method: POST
        body_format: json
        body: "{{ json_body }}"
        timeout: 90
        headers:
          Authorization: "{{ FLEET_API_TOKEN }}"
          kbn-xsrf: "kbn-xsrf"
        follow_redirects: yes
        force: true
        status_code: [200, 201]
        return_content: yes
      register: created_api_healthcheck_monitor
      ignore_errors: true

    - name: Debug Variable - Created API Health Check Monitor 
      ansible.builtin.debug:
        var: created_api_healthcheck_monitor