- name: Delete Kafka Topics Block
  block:
  
    # - name: Drop ksqlDB Streams JSON Body Document For API
    #   set_fact:
    #     json_body: "{{ lookup('template', 'templates/DROP_STREAMS.j2') }}"

    # - name: Debug Variable - json_body
    #   ansible.builtin.debug:
    #     var: json_body

    - name: Delete Kafka Topic via API
      ansible.builtin.uri:
        url: "{{KAFKA_CLUSTER_URL}}/kafka/v3/clusters/{{KAFKA_CLUSTER_ID}}/topics/{{item}}"
        method: DELETE
        # body_format: json
        # body: "{{ json_body }}"
        timeout: 90
        url_username: "{{KAFKA_CLUSTER_USERNAME}}"
        url_password: "{{KAFKA_CLUSTER_PASSWORD}}"
        follow_redirects: yes
        force_basic_auth: yes
        status_code: [204]
        return_content: yes
      ignore_errors: yes
      register: deleted_kafka_topic

    - name: Debug Variable - Delete Kafka Topics via API
      ansible.builtin.debug:
        var: deleted_kafka_topic
