- name: Delete Connector Block
  block:
  
    - name: Delete Connector via API
      ansible.builtin.uri:
        url: "{CONFLUENT_CLOUD_API_URL}}/connect/v1/environments/{{ENVIRONMENT_ID}}/clusters/{{CLUSTER_ID}}/connectors/{{item}}"
        method: DELETE
        body_format: json
        headers:
          Content-Type: "application/json"
          Authorization: "{{CONFLUENT_CLOUD_API_TOKEN}}"
        timeout: 90
        force: yes
        follow_redirects: yes
        force_basic_auth: yes
        status_code: [200, 204]
        return_content: yes
      # ignore_errors: yes
      register: deleted_connector

    - name: Debug Variable - Delete Connector via API
      ansible.builtin.debug:
        var: deleted_connector
