- name: Drop ksqlDB Streams Block
  block:
  
    - name: Drop ksqlDB Streams JSON Body Document For API
      set_fact:
        json_body: "{{ lookup('template', 'templates/DROP_STREAMS.j2') }}"

    - name: Debug Variable - json_body
      ansible.builtin.debug:
        var: json_body

    - name: Drop ksqlDB Streams via API
      ansible.builtin.uri:
        url: "{{ API_URL }}"
        method: POST
        body_format: json
        headers:
          Content-Type: "application/json"
          Authorization: "{{KAFKA_CLOUD_API_TOKEN}}"
        body: "{{ json_body }}"
        timeout: 90
        force: yes
        status_code: [200, 201]
        return_content: yes
      register: dropped_ksql_stream

    - name: Debug Variable - Drop ksqlDB Streams via API
      ansible.builtin.debug:
        var: dropped_ksql_stream