- name: Resume Connector via API
  ansible.builtin.uri:
    url: "{{CONFLUENT_CLOUD_API_URL}}/connect/v1/environments/{{ENVIRONMENT_ID}}/clusters/{{CLUSTER_ID}}/connectors/{{item}}/resume"
    method: PUT
    body_format: json
    headers:
      Content-Type: "application/json"
      Authorization: "{{CONFLUENT_CLOUD_API_TOKEN}}"
    body: "{{ json_body }}"
    timeout: 90
    force: yes
    status_code: [200]
    return_content: yes
  ignore_errors: yes
  register: resumed_connector

- name: Debug Variable - Create Connector via API
  ansible.builtin.debug:
    var: resumed_connector
