- name: Connector Plugins Block
  block:
  
    - name: Update Connector Plugins JSON Body Document For API
      set_fact:
        json_body: "{{ lookup('template', 'templates/CONFIG_{{item}}Connector_0.j2') }}"

    - name: Debug Variable - json_body
      ansible.builtin.debug:
        var: json_body

    - name: Update Connector Plugins via API
      ansible.builtin.uri:
        url: "{{CONFLUENT_CLOUD_API_URL}}/connect/v1/environments/{{ENVIRONMENT_ID}}/clusters/{{CLUSTER_ID}}/connector-plugins/{{item}}/config/validate"
        method: PUT
        body_format: json
        headers:
          Content-Type: "application/json"
          Authorization: "{{CONFLUENT_CLOUD_API_TOKEN}}"
        body: "{{ json_body }}"
        timeout: 90
        force: yes
        status_code: [200]
        return_content: yes
      ignore_errors: yes
      register: validated_connector_plugin

    - name: Debug Variable - Create Connector via API
      ansible.builtin.debug:
        var: validated_connector_plugin

    - name: Create Search Parameters For jmesquery Query
      ansible.builtin.set_fact:
        jmesquery: "error_count"
      when: debug_variables | bool

    - name: Debug Variable - jmesquery
      ansible.builtin.debug:
        var: jmesquery
      when: debug_variables | bool

    - name: Filter JSON Response With json_query
      ansible.builtin.set_fact:
        connector_plugin_error: "{{ validated_connector_plugin.json | json_query(jmesquery) }}"

    - name: Debug Variable - connector_plugin_error
      ansible.builtin.debug:
        var: connector_plugin_error
      when: debug_variables | bool

##
    - name: Create Search Parameters For jmesquery Query
      ansible.builtin.set_fact:
        jmesquery: "configs[*].value.*"
        # jmesquery: "configs[*].*"

    - name: Debug Variable - jmesquery Value Errors
      ansible.builtin.debug:
        var: jmesquery
      when: debug_variables | bool

    - name: Filter JSON Response With json_query
      ansible.builtin.set_fact:
        connector_plugin_value_errors: "{{ validated_connector_plugin.json | json_query(jmesquery) }}"

    - name: Debug Variable - connector_plugin_value_errors
      ansible.builtin.debug:
        var: connector_plugin_value_errors
      when: debug_variables | bool
